{
  "object": {
    "pins": [
      {
        "package": "NumKit",
        "repositoryURL": "https://github.com/jantomec/NumKit.git",
        "state": {
          "branch": null,
          "revision": "c6a439f6ce80852a0dc5c31ade366dcd686a8253",
          "version": "0.0.1"
        }
      }
    ]
  },
  "version": 1
}
